
Microsoft Visual Studio Solution File, Format Version 12.00
# Visual Studio 2013
VisualStudioVersion = 12.0.31101.0
MinimumVisualStudioVersion = 10.0.40219.1
Project("{2150E333-8FDC-42A3-9474-1A3956D46DE8}") = "Samples", "Samples", "{9A6CD7CB-1EFD-49CF-A511-73FA10754B17}"
EndProject
Project("{FAE04EC0-301F-11D3-BF4B-00C04F79EFBC}") = "HelloMyo", "..\..\Samples\HelloMyo\HelloMyo.csproj", "{8BD494B3-0485-449E-A601-A6868F147D81}"
EndProject
Project("{8BC9CEB8-8B4A-11D0-8D11-00A0C91BC942}") = "Myo.Net.Interop", "Myo.Net.Interop\Myo.Net.Interop.vcxproj", "{C64A2045-6E49-4973-8324-00341C0C92EA}"
EndProject
Project("{8BC9CEB8-8B4A-11D0-8D11-00A0C91BC942}") = "Myo.Net.v20", "Myo.Net\Myo.Net.v20.vcxproj", "{7921225C-BA3A-480C-8F91-AEA65A62CADB}"
EndProject
Project("{8BC9CEB8-8B4A-11D0-8D11-00A0C91BC942}") = "Myo.Net.v40", "Myo.Net\Myo.Net.v40.vcxproj", "{74C77080-4BEA-441A-94B2-ECF92188945F}"
EndProject
Global
	GlobalSection(SolutionConfigurationPlatforms) = preSolution
		Debug|Any CPU = Debug|Any CPU
		Debug|Mixed Platforms = Debug|Mixed Platforms
		Debug|Win32 = Debug|Win32
		Debug|x64 = Debug|x64
		Debug|x86 = Debug|x86
		Release|Any CPU = Release|Any CPU
		Release|Mixed Platforms = Release|Mixed Platforms
		Release|Win32 = Release|Win32
		Release|x64 = Release|x64
		Release|x86 = Release|x86
	EndGlobalSection
	GlobalSection(ProjectConfigurationPlatforms) = postSolution
		{8BD494B3-0485-449E-A601-A6868F147D81}.Debug|Any CPU.ActiveCfg = Debug|x86
		{8BD494B3-0485-449E-A601-A6868F147D81}.Debug|Any CPU.Build.0 = Debug|x86
		{8BD494B3-0485-449E-A601-A6868F147D81}.Debug|Mixed Platforms.ActiveCfg = Debug|x86
		{8BD494B3-0485-449E-A601-A6868F147D81}.Debug|Mixed Platforms.Build.0 = Debug|x86
		{8BD494B3-0485-449E-A601-A6868F147D81}.Debug|Win32.ActiveCfg = Debug|x86
		{8BD494B3-0485-449E-A601-A6868F147D81}.Debug|Win32.Build.0 = Debug|x86
		{8BD494B3-0485-449E-A601-A6868F147D81}.Debug|x64.ActiveCfg = Debug|x64
		{8BD494B3-0485-449E-A601-A6868F147D81}.Debug|x64.Build.0 = Debug|x64
		{8BD494B3-0485-449E-A601-A6868F147D81}.Debug|x86.ActiveCfg = Debug|x86
		{8BD494B3-0485-449E-A601-A6868F147D81}.Debug|x86.Build.0 = Debug|x86
		{8BD494B3-0485-449E-A601-A6868F147D81}.Release|Any CPU.ActiveCfg = Release|x86
		{8BD494B3-0485-449E-A601-A6868F147D81}.Release|Mixed Platforms.ActiveCfg = Release|x86
		{8BD494B3-0485-449E-A601-A6868F147D81}.Release|Mixed Platforms.Build.0 = Release|x86
		{8BD494B3-0485-449E-A601-A6868F147D81}.Release|Win32.ActiveCfg = Release|x64
		{8BD494B3-0485-449E-A601-A6868F147D81}.Release|Win32.Build.0 = Release|x64
		{8BD494B3-0485-449E-A601-A6868F147D81}.Release|x64.ActiveCfg = Release|x64
		{8BD494B3-0485-449E-A601-A6868F147D81}.Release|x64.Build.0 = Release|x64
		{8BD494B3-0485-449E-A601-A6868F147D81}.Release|x86.ActiveCfg = Release|x86
		{8BD494B3-0485-449E-A601-A6868F147D81}.Release|x86.Build.0 = Release|x86
		{C64A2045-6E49-4973-8324-00341C0C92EA}.Debug|Any CPU.ActiveCfg = Debug|Win32
		{C64A2045-6E49-4973-8324-00341C0C92EA}.Debug|Mixed Platforms.ActiveCfg = Debug|Win32
		{C64A2045-6E49-4973-8324-00341C0C92EA}.Debug|Mixed Platforms.Build.0 = Debug|Win32
		{C64A2045-6E49-4973-8324-00341C0C92EA}.Debug|Win32.ActiveCfg = Debug|Win32
		{C64A2045-6E49-4973-8324-00341C0C92EA}.Debug|Win32.Build.0 = Debug|Win32
		{C64A2045-6E49-4973-8324-00341C0C92EA}.Debug|x64.ActiveCfg = Debug|Win32
		{C64A2045-6E49-4973-8324-00341C0C92EA}.Debug|x86.ActiveCfg = Debug|Win32
		{C64A2045-6E49-4973-8324-00341C0C92EA}.Debug|x86.Build.0 = Debug|Win32
		{C64A2045-6E49-4973-8324-00341C0C92EA}.Release|Any CPU.ActiveCfg = Release|Win32
		{C64A2045-6E49-4973-8324-00341C0C92EA}.Release|Mixed Platforms.ActiveCfg = Release|Win32
		{C64A2045-6E49-4973-8324-00341C0C92EA}.Release|Mixed Platforms.Build.0 = Release|Win32
		{C64A2045-6E49-4973-8324-00341C0C92EA}.Release|Win32.ActiveCfg = Release|Win32
		{C64A2045-6E49-4973-8324-00341C0C92EA}.Release|Win32.Build.0 = Release|Win32
		{C64A2045-6E49-4973-8324-00341C0C92EA}.Release|x64.ActiveCfg = Release|Win32
		{C64A2045-6E49-4973-8324-00341C0C92EA}.Release|x86.ActiveCfg = Release|Win32
		{C64A2045-6E49-4973-8324-00341C0C92EA}.Release|x86.Build.0 = Release|Win32
		{7921225C-BA3A-480C-8F91-AEA65A62CADB}.Debug|Any CPU.ActiveCfg = Debug|Win32
		{7921225C-BA3A-480C-8F91-AEA65A62CADB}.Debug|Mixed Platforms.ActiveCfg = Debug|Win32
		{7921225C-BA3A-480C-8F91-AEA65A62CADB}.Debug|Mixed Platforms.Build.0 = Debug|Win32
		{7921225C-BA3A-480C-8F91-AEA65A62CADB}.Debug|Win32.ActiveCfg = Debug|Win32
		{7921225C-BA3A-480C-8F91-AEA65A62CADB}.Debug|Win32.Build.0 = Debug|Win32
		{7921225C-BA3A-480C-8F91-AEA65A62CADB}.Debug|x64.ActiveCfg = Debug|x64
		{7921225C-BA3A-480C-8F91-AEA65A62CADB}.Debug|x64.Build.0 = Debug|x64
		{7921225C-BA3A-480C-8F91-AEA65A62CADB}.Debug|x86.ActiveCfg = Debug|Win32
		{7921225C-BA3A-480C-8F91-AEA65A62CADB}.Debug|x86.Build.0 = Debug|Win32
		{7921225C-BA3A-480C-8F91-AEA65A62CADB}.Release|Any CPU.ActiveCfg = Release|Win32
		{7921225C-BA3A-480C-8F91-AEA65A62CADB}.Release|Mixed Platforms.ActiveCfg = Release|Win32
		{7921225C-BA3A-480C-8F91-AEA65A62CADB}.Release|Mixed Platforms.Build.0 = Release|Win32
		{7921225C-BA3A-480C-8F91-AEA65A62CADB}.Release|Win32.ActiveCfg = Release|Win32
		{7921225C-BA3A-480C-8F91-AEA65A62CADB}.Release|Win32.Build.0 = Release|Win32
		{7921225C-BA3A-480C-8F91-AEA65A62CADB}.Release|x64.ActiveCfg = Release|x64
		{7921225C-BA3A-480C-8F91-AEA65A62CADB}.Release|x64.Build.0 = Release|x64
		{7921225C-BA3A-480C-8F91-AEA65A62CADB}.Release|x86.ActiveCfg = Release|Win32
		{7921225C-BA3A-480C-8F91-AEA65A62CADB}.Release|x86.Build.0 = Release|Win32
		{74C77080-4BEA-441A-94B2-ECF92188945F}.Debug|Any CPU.ActiveCfg = Debug|Win32
		{74C77080-4BEA-441A-94B2-ECF92188945F}.Debug|Mixed Platforms.ActiveCfg = Debug|Win32
		{74C77080-4BEA-441A-94B2-ECF92188945F}.Debug|Mixed Platforms.Build.0 = Debug|Win32
		{74C77080-4BEA-441A-94B2-ECF92188945F}.Debug|Win32.ActiveCfg = Debug|Win32
		{74C77080-4BEA-441A-94B2-ECF92188945F}.Debug|Win32.Build.0 = Debug|Win32
		{74C77080-4BEA-441A-94B2-ECF92188945F}.Debug|x64.ActiveCfg = Debug|x64
		{74C77080-4BEA-441A-94B2-ECF92188945F}.Debug|x64.Build.0 = Debug|x64
		{74C77080-4BEA-441A-94B2-ECF92188945F}.Debug|x86.ActiveCfg = Debug|Win32
		{74C77080-4BEA-441A-94B2-ECF92188945F}.Debug|x86.Build.0 = Debug|Win32
		{74C77080-4BEA-441A-94B2-ECF92188945F}.Release|Any CPU.ActiveCfg = Release|Win32
		{74C77080-4BEA-441A-94B2-ECF92188945F}.Release|Mixed Platforms.ActiveCfg = Release|Win32
		{74C77080-4BEA-441A-94B2-ECF92188945F}.Release|Mixed Platforms.Build.0 = Release|Win32
		{74C77080-4BEA-441A-94B2-ECF92188945F}.Release|Win32.ActiveCfg = Release|Win32
		{74C77080-4BEA-441A-94B2-ECF92188945F}.Release|Win32.Build.0 = Release|Win32
		{74C77080-4BEA-441A-94B2-ECF92188945F}.Release|x64.ActiveCfg = Release|x64
		{74C77080-4BEA-441A-94B2-ECF92188945F}.Release|x64.Build.0 = Release|x64
		{74C77080-4BEA-441A-94B2-ECF92188945F}.Release|x86.ActiveCfg = Release|Win32
		{74C77080-4BEA-441A-94B2-ECF92188945F}.Release|x86.Build.0 = Release|Win32
	EndGlobalSection
	GlobalSection(SolutionProperties) = preSolution
		HideSolutionNode = FALSE
	EndGlobalSection
	GlobalSection(NestedProjects) = preSolution
		{8BD494B3-0485-449E-A601-A6868F147D81} = {9A6CD7CB-1EFD-49CF-A511-73FA10754B17}
	EndGlobalSection
EndGlobal
